
Microsoft Visual Studio Solution File, Format Version 12.00
# Visual Studio Version 17
VisualStudioVersion = 17.0.32112.339
MinimumVisualStudioVersion = 10.0.40219.1
Project("{9092AA53-FB77-4645-B42D-1CCCA6BD08BD}") = "OwiviOsa前端", "OwiviOsa前端\OwiviOsa前端.njsproj", "{3B0E077F-3B5F-4D5D-BDF5-62DFC1A240C5}"
EndProject
Global
	GlobalSection(SolutionConfigurationPlatforms) = preSolution
		Debug|Any CPU = Debug|Any CPU
		Release|Any CPU = Release|Any CPU
	EndGlobalSection
	GlobalSection(ProjectConfigurationPlatforms) = postSolution
		{3B0E077F-3B5F-4D5D-BDF5-62DFC1A240C5}.Debug|Any CPU.ActiveCfg = Debug|Any CPU
		{3B0E077F-3B5F-4D5D-BDF5-62DFC1A240C5}.Debug|Any CPU.Build.0 = Debug|Any CPU
		{3B0E077F-3B5F-4D5D-BDF5-62DFC1A240C5}.Release|Any CPU.ActiveCfg = Release|Any CPU
		{3B0E077F-3B5F-4D5D-BDF5-62DFC1A240C5}.Release|Any CPU.Build.0 = Release|Any CPU
	EndGlobalSection
	GlobalSection(SolutionProperties) = preSolution
		HideSolutionNode = FALSE
	EndGlobalSection
	GlobalSection(ExtensibilityGlobals) = postSolution
		SolutionGuid = {7CF76BE5-1FA2-4826-B98B-31D6F748DD14}
	EndGlobalSection
EndGlobal
